// !$*UTF8*$!
{
	archiveVersion = 1;
	classes = {
	};
	objectVersion = 56;
	objects = {

/* Begin PBXBuildFile section */
		661B90DD29C0EE7C000EDAB9 /* GoogleService-Info.plist in Resources */ = {isa = PBXBuildFile; fileRef = 661B90DC29C0EE7B000EDAB9 /* GoogleService-Info.plist */; };
		661B90DF29C12620000EDAB9 /* SignUpViewController.swift in Sources */ = {isa = PBXBuildFile; fileRef = 661B90DE29C12620000EDAB9 /* SignUpViewController.swift */; };
		661B90E129C1263D000EDAB9 /* LoginViewController.swift in Sources */ = {isa = PBXBuildFile; fileRef = 661B90E029C1263D000EDAB9 /* LoginViewController.swift */; };
		661B90E629C128A9000EDAB9 /* InitialViewController.swift in Sources */ = {isa = PBXBuildFile; fileRef = 661B90E529C128A9000EDAB9 /* InitialViewController.swift */; };
		66A4594329BA3BAC001FA2E1 /* AppDelegate.swift in Sources */ = {isa = PBXBuildFile; fileRef = 66A4594229BA3BAC001FA2E1 /* AppDelegate.swift */; };
		66A4594529BA3BAC001FA2E1 /* SceneDelegate.swift in Sources */ = {isa = PBXBuildFile; fileRef = 66A4594429BA3BAC001FA2E1 /* SceneDelegate.swift */; };
		66A4594A29BA3BAC001FA2E1 /* Main.storyboard in Resources */ = {isa = PBXBuildFile; fileRef = 66A4594829BA3BAC001FA2E1 /* Main.storyboard */; };
		66A4594C29BA3BB0001FA2E1 /* Assets.xcassets in Resources */ = {isa = PBXBuildFile; fileRef = 66A4594B29BA3BB0001FA2E1 /* Assets.xcassets */; };
		66A4594F29BA3BB0001FA2E1 /* LaunchScreen.storyboard in Resources */ = {isa = PBXBuildFile; fileRef = 66A4594D29BA3BB0001FA2E1 /* LaunchScreen.storyboard */; };
		66A4595A29BA3BB0001FA2E1 /* Recallr_Testing_2Tests.swift in Sources */ = {isa = PBXBuildFile; fileRef = 66A4595929BA3BB0001FA2E1 /* Recallr_Testing_2Tests.swift */; };
		66A4596429BA3BB0001FA2E1 /* Recallr_Testing_2UITests.swift in Sources */ = {isa = PBXBuildFile; fileRef = 66A4596329BA3BB0001FA2E1 /* Recallr_Testing_2UITests.swift */; };
		66A4596629BA3BB0001FA2E1 /* Recallr_Testing_2UITestsLaunchTests.swift in Sources */ = {isa = PBXBuildFile; fileRef = 66A4596529BA3BB0001FA2E1 /* Recallr_Testing_2UITestsLaunchTests.swift */; };
		66A4597329BA3C2B001FA2E1 /* Memory.swift in Sources */ = {isa = PBXBuildFile; fileRef = 66A4597229BA3C2B001FA2E1 /* Memory.swift */; };
		66A4597529BA3D74001FA2E1 /* Collection.swift in Sources */ = {isa = PBXBuildFile; fileRef = 66A4597429BA3D74001FA2E1 /* Collection.swift */; };
		66A4597729BA3FAC001FA2E1 /* RecallManager.swift in Sources */ = {isa = PBXBuildFile; fileRef = 66A4597629BA3FAC001FA2E1 /* RecallManager.swift */; };
		9A064EE969463419AA98CB91 /* Pods_Recallr_Testing_2.framework in Frameworks */ = {isa = PBXBuildFile; fileRef = 71F464696A20E9D5FE9120FC /* Pods_Recallr_Testing_2.framework */; };
/* End PBXBuildFile section */

/* Begin PBXContainerItemProxy section */
		66A4595629BA3BB0001FA2E1 /* PBXContainerItemProxy */ = {
			isa = PBXContainerItemProxy;
			containerPortal = 66A4593729BA3BAC001FA2E1 /* Project object */;
			proxyType = 1;
			remoteGlobalIDString = 66A4593E29BA3BAC001FA2E1;
			remoteInfo = "Recallr Testing 2";
		};
		66A4596029BA3BB0001FA2E1 /* PBXContainerItemProxy */ = {
			isa = PBXContainerItemProxy;
			containerPortal = 66A4593729BA3BAC001FA2E1 /* Project object */;
			proxyType = 1;
			remoteGlobalIDString = 66A4593E29BA3BAC001FA2E1;
			remoteInfo = "Recallr Testing 2";
		};
/* End PBXContainerItemProxy section */

/* Begin PBXFileReference section */
		1FEBCE69072F322A1CE2A9DA /* Pods-Recallr Testing 2.debug.xcconfig */ = {isa = PBXFileReference; includeInIndex = 1; lastKnownFileType = text.xcconfig; name = "Pods-Recallr Testing 2.debug.xcconfig"; path = "Target Support Files/Pods-Recallr Testing 2/Pods-Recallr Testing 2.debug.xcconfig"; sourceTree = "<group>"; };
		661B90DC29C0EE7B000EDAB9 /* GoogleService-Info.plist */ = {isa = PBXFileReference; fileEncoding = 4; lastKnownFileType = text.plist.xml; path = "GoogleService-Info.plist"; sourceTree = "<group>"; };
		661B90DE29C12620000EDAB9 /* SignUpViewController.swift */ = {isa = PBXFileReference; lastKnownFileType = sourcecode.swift; path = SignUpViewController.swift; sourceTree = "<group>"; };
		661B90E029C1263D000EDAB9 /* LoginViewController.swift */ = {isa = PBXFileReference; lastKnownFileType = sourcecode.swift; path = LoginViewController.swift; sourceTree = "<group>"; };
		661B90E529C128A9000EDAB9 /* InitialViewController.swift */ = {isa = PBXFileReference; lastKnownFileType = sourcecode.swift; path = InitialViewController.swift; sourceTree = "<group>"; };
		66A4593F29BA3BAC001FA2E1 /* Recallr Testing 2.app */ = {isa = PBXFileReference; explicitFileType = wrapper.application; includeInIndex = 0; path = "Recallr Testing 2.app"; sourceTree = BUILT_PRODUCTS_DIR; };
		66A4594229BA3BAC001FA2E1 /* AppDelegate.swift */ = {isa = PBXFileReference; lastKnownFileType = sourcecode.swift; path = AppDelegate.swift; sourceTree = "<group>"; };
		66A4594429BA3BAC001FA2E1 /* SceneDelegate.swift */ = {isa = PBXFileReference; lastKnownFileType = sourcecode.swift; path = SceneDelegate.swift; sourceTree = "<group>"; };
		66A4594929BA3BAC001FA2E1 /* Base */ = {isa = PBXFileReference; lastKnownFileType = file.storyboard; name = Base; path = Base.lproj/Main.storyboard; sourceTree = "<group>"; };
		66A4594B29BA3BB0001FA2E1 /* Assets.xcassets */ = {isa = PBXFileReference; lastKnownFileType = folder.assetcatalog; path = Assets.xcassets; sourceTree = "<group>"; };
		66A4594E29BA3BB0001FA2E1 /* Base */ = {isa = PBXFileReference; lastKnownFileType = file.storyboard; name = Base; path = Base.lproj/LaunchScreen.storyboard; sourceTree = "<group>"; };
		66A4595029BA3BB0001FA2E1 /* Info.plist */ = {isa = PBXFileReference; lastKnownFileType = text.plist.xml; path = Info.plist; sourceTree = "<group>"; };
		66A4595529BA3BB0001FA2E1 /* Recallr Testing 2Tests.xctest */ = {isa = PBXFileReference; explicitFileType = wrapper.cfbundle; includeInIndex = 0; path = "Recallr Testing 2Tests.xctest"; sourceTree = BUILT_PRODUCTS_DIR; };
		66A4595929BA3BB0001FA2E1 /* Recallr_Testing_2Tests.swift */ = {isa = PBXFileReference; lastKnownFileType = sourcecode.swift; path = Recallr_Testing_2Tests.swift; sourceTree = "<group>"; };
		66A4595F29BA3BB0001FA2E1 /* Recallr Testing 2UITests.xctest */ = {isa = PBXFileReference; explicitFileType = wrapper.cfbundle; includeInIndex = 0; path = "Recallr Testing 2UITests.xctest"; sourceTree = BUILT_PRODUCTS_DIR; };
		66A4596329BA3BB0001FA2E1 /* Recallr_Testing_2UITests.swift */ = {isa = PBXFileReference; lastKnownFileType = sourcecode.swift; path = Recallr_Testing_2UITests.swift; sourceTree = "<group>"; };
		66A4596529BA3BB0001FA2E1 /* Recallr_Testing_2UITestsLaunchTests.swift */ = {isa = PBXFileReference; lastKnownFileType = sourcecode.swift; path = Recallr_Testing_2UITestsLaunchTests.swift; sourceTree = "<group>"; };
		66A4597229BA3C2B001FA2E1 /* Memory.swift */ = {isa = PBXFileReference; lastKnownFileType = sourcecode.swift; path = Memory.swift; sourceTree = "<group>"; };
		66A4597429BA3D74001FA2E1 /* Collection.swift */ = {isa = PBXFileReference; lastKnownFileType = sourcecode.swift; path = Collection.swift; sourceTree = "<group>"; };
		66A4597629BA3FAC001FA2E1 /* RecallManager.swift */ = {isa = PBXFileReference; lastKnownFileType = sourcecode.swift; path = RecallManager.swift; sourceTree = "<group>"; };
		71F464696A20E9D5FE9120FC /* Pods_Recallr_Testing_2.framework */ = {isa = PBXFileReference; explicitFileType = wrapper.framework; includeInIndex = 0; path = Pods_Recallr_Testing_2.framework; sourceTree = BUILT_PRODUCTS_DIR; };
		D8896D351635219E97337C0C /* Pods-Recallr Testing 2.release.xcconfig */ = {isa = PBXFileReference; includeInIndex = 1; lastKnownFileType = text.xcconfig; name = "Pods-Recallr Testing 2.release.xcconfig"; path = "Target Support Files/Pods-Recallr Testing 2/Pods-Recallr Testing 2.release.xcconfig"; sourceTree = "<group>"; };
/* End PBXFileReference section */

/* Begin PBXFrameworksBuildPhase section */
		66A4593C29BA3BAC001FA2E1 /* Frameworks */ = {
			isa = PBXFrameworksBuildPhase;
			buildActionMask = 2147483647;
			files = (
				9A064EE969463419AA98CB91 /* Pods_Recallr_Testing_2.framework in Frameworks */,
			);
			runOnlyForDeploymentPostprocessing = 0;
		};
		66A4595229BA3BB0001FA2E1 /* Frameworks */ = {
			isa = PBXFrameworksBuildPhase;
			buildActionMask = 2147483647;
			files = (
			);
			runOnlyForDeploymentPostprocessing = 0;
		};
		66A4595C29BA3BB0001FA2E1 /* Frameworks */ = {
			isa = PBXFrameworksBuildPhase;
			buildActionMask = 2147483647;
			files = (
			);
			runOnlyForDeploymentPostprocessing = 0;
		};
/* End PBXFrameworksBuildPhase section */

/* Begin PBXGroup section */
		13879A1B7351CB6FC8FE675F /* Pods */ = {
			isa = PBXGroup;
			children = (
				1FEBCE69072F322A1CE2A9DA /* Pods-Recallr Testing 2.debug.xcconfig */,
				D8896D351635219E97337C0C /* Pods-Recallr Testing 2.release.xcconfig */,
			);
			path = Pods;
			sourceTree = "<group>";
		};
		19EA6E4D295B4F7C3242A8BE /* Frameworks */ = {
			isa = PBXGroup;
			children = (
				71F464696A20E9D5FE9120FC /* Pods_Recallr_Testing_2.framework */,
			);
			name = Frameworks;
			sourceTree = "<group>";
		};
		661B90D729BE6309000EDAB9 /* Models */ = {
			isa = PBXGroup;
			children = (
				66A4597229BA3C2B001FA2E1 /* Memory.swift */,
				66A4597429BA3D74001FA2E1 /* Collection.swift */,
				66A4597629BA3FAC001FA2E1 /* RecallManager.swift */,
			);
			path = Models;
			sourceTree = "<group>";
		};
		661B90E229C126BA000EDAB9 /* Controllers */ = {
			isa = PBXGroup;
			children = (
				661B90DE29C12620000EDAB9 /* SignUpViewController.swift */,
				661B90E029C1263D000EDAB9 /* LoginViewController.swift */,
				661B90E529C128A9000EDAB9 /* InitialViewController.swift */,
			);
			path = Controllers;
			sourceTree = "<group>";
		};
		66A4593629BA3BAC001FA2E1 = {
			isa = PBXGroup;
			children = (
				66A4594129BA3BAC001FA2E1 /* Recallr Testing 2 */,
				66A4595829BA3BB0001FA2E1 /* Recallr Testing 2Tests */,
				66A4596229BA3BB0001FA2E1 /* Recallr Testing 2UITests */,
				66A4594029BA3BAC001FA2E1 /* Products */,
				13879A1B7351CB6FC8FE675F /* Pods */,
				19EA6E4D295B4F7C3242A8BE /* Frameworks */,
			);
			sourceTree = "<group>";
		};
		66A4594029BA3BAC001FA2E1 /* Products */ = {
			isa = PBXGroup;
			children = (
				66A4593F29BA3BAC001FA2E1 /* Recallr Testing 2.app */,
				66A4595529BA3BB0001FA2E1 /* Recallr Testing 2Tests.xctest */,
				66A4595F29BA3BB0001FA2E1 /* Recallr Testing 2UITests.xctest */,
			);
			name = Products;
			sourceTree = "<group>";
		};
		66A4594129BA3BAC001FA2E1 /* Recallr Testing 2 */ = {
			isa = PBXGroup;
			children = (
				661B90E229C126BA000EDAB9 /* Controllers */,
				661B90D729BE6309000EDAB9 /* Models */,
				66A4594229BA3BAC001FA2E1 /* AppDelegate.swift */,
				66A4594429BA3BAC001FA2E1 /* SceneDelegate.swift */,
				66A4594829BA3BAC001FA2E1 /* Main.storyboard */,
				66A4594B29BA3BB0001FA2E1 /* Assets.xcassets */,
				66A4594D29BA3BB0001FA2E1 /* LaunchScreen.storyboard */,
				66A4595029BA3BB0001FA2E1 /* Info.plist */,
				661B90DC29C0EE7B000EDAB9 /* GoogleService-Info.plist */,
			);
			path = "Recallr Testing 2";
			sourceTree = "<group>";
		};
		66A4595829BA3BB0001FA2E1 /* Recallr Testing 2Tests */ = {
			isa = PBXGroup;
			children = (
				66A4595929BA3BB0001FA2E1 /* Recallr_Testing_2Tests.swift */,
			);
			path = "Recallr Testing 2Tests";
			sourceTree = "<group>";
		};
		66A4596229BA3BB0001FA2E1 /* Recallr Testing 2UITests */ = {
			isa = PBXGroup;
			children = (
				66A4596329BA3BB0001FA2E1 /* Recallr_Testing_2UITests.swift */,
				66A4596529BA3BB0001FA2E1 /* Recallr_Testing_2UITestsLaunchTests.swift */,
			);
			path = "Recallr Testing 2UITests";
			sourceTree = "<group>";
		};
/* End PBXGroup section */

/* Begin PBXNativeTarget section */
		66A4593E29BA3BAC001FA2E1 /* Recallr Testing 2 */ = {
			isa = PBXNativeTarget;
			buildConfigurationList = 66A4596929BA3BB0001FA2E1 /* Build configuration list for PBXNativeTarget "Recallr Testing 2" */;
			buildPhases = (
				F2A3B86EA954D2FEA3D6FF1A /* [CP] Check Pods Manifest.lock */,
				66A4593B29BA3BAC001FA2E1 /* Sources */,
				66A4593C29BA3BAC001FA2E1 /* Frameworks */,
				66A4593D29BA3BAC001FA2E1 /* Resources */,
				6928B8CFA423FA46BF19695F /* [CP] Embed Pods Frameworks */,
			);
			buildRules = (
			);
			dependencies = (
			);
			name = "Recallr Testing 2";
			productName = "Recallr Testing 2";
			productReference = 66A4593F29BA3BAC001FA2E1 /* Recallr Testing 2.app */;
			productType = "com.apple.product-type.application";
		};
		66A4595429BA3BB0001FA2E1 /* Recallr Testing 2Tests */ = {
			isa = PBXNativeTarget;
			buildConfigurationList = 66A4596C29BA3BB0001FA2E1 /* Build configuration list for PBXNativeTarget "Recallr Testing 2Tests" */;
			buildPhases = (
				66A4595129BA3BB0001FA2E1 /* Sources */,
				66A4595229BA3BB0001FA2E1 /* Frameworks */,
				66A4595329BA3BB0001FA2E1 /* Resources */,
			);
			buildRules = (
			);
			dependencies = (
				66A4595729BA3BB0001FA2E1 /* PBXTargetDependency */,
			);
			name = "Recallr Testing 2Tests";
			productName = "Recallr Testing 2Tests";
			productReference = 66A4595529BA3BB0001FA2E1 /* Recallr Testing 2Tests.xctest */;
			productType = "com.apple.product-type.bundle.unit-test";
		};
		66A4595E29BA3BB0001FA2E1 /* Recallr Testing 2UITests */ = {
			isa = PBXNativeTarget;
			buildConfigurationList = 66A4596F29BA3BB0001FA2E1 /* Build configuration list for PBXNativeTarget "Recallr Testing 2UITests" */;
			buildPhases = (
				66A4595B29BA3BB0001FA2E1 /* Sources */,
				66A4595C29BA3BB0001FA2E1 /* Frameworks */,
				66A4595D29BA3BB0001FA2E1 /* Resources */,
			);
			buildRules = (
			);
			dependencies = (
				66A4596129BA3BB0001FA2E1 /* PBXTargetDependency */,
			);
			name = "Recallr Testing 2UITests";
			productName = "Recallr Testing 2UITests";
			productReference = 66A4595F29BA3BB0001FA2E1 /* Recallr Testing 2UITests.xctest */;
			productType = "com.apple.product-type.bundle.ui-testing";
		};
/* End PBXNativeTarget section */

/* Begin PBXProject section */
		66A4593729BA3BAC001FA2E1 /* Project object */ = {
			isa = PBXProject;
			attributes = {
				BuildIndependentTargetsInParallel = 1;
				LastSwiftUpdateCheck = 1420;
				LastUpgradeCheck = 1420;
				TargetAttributes = {
					66A4593E29BA3BAC001FA2E1 = {
						CreatedOnToolsVersion = 14.2;
					};
					66A4595429BA3BB0001FA2E1 = {
						CreatedOnToolsVersion = 14.2;
						TestTargetID = 66A4593E29BA3BAC001FA2E1;
					};
					66A4595E29BA3BB0001FA2E1 = {
						CreatedOnToolsVersion = 14.2;
						TestTargetID = 66A4593E29BA3BAC001FA2E1;
					};
				};
			};
			buildConfigurationList = 66A4593A29BA3BAC001FA2E1 /* Build configuration list for PBXProject "Recallr Testing 2" */;
			compatibilityVersion = "Xcode 14.0";
			developmentRegion = en;
			hasScannedForEncodings = 0;
			knownRegions = (
				en,
				Base,
			);
			mainGroup = 66A4593629BA3BAC001FA2E1;
			productRefGroup = 66A4594029BA3BAC001FA2E1 /* Products */;
			projectDirPath = "";
			projectRoot = "";
			targets = (
				66A4593E29BA3BAC001FA2E1 /* Recallr Testing 2 */,
				66A4595429BA3BB0001FA2E1 /* Recallr Testing 2Tests */,
				66A4595E29BA3BB0001FA2E1 /* Recallr Testing 2UITests */,
			);
		};
/* End PBXProject section */

/* Begin PBXResourcesBuildPhase section */
		66A4593D29BA3BAC001FA2E1 /* Resources */ = {
			isa = PBXResourcesBuildPhase;
			buildActionMask = 2147483647;
			files = (
				66A4594F29BA3BB0001FA2E1 /* LaunchScreen.storyboard in Resources */,
				661B90DD29C0EE7C000EDAB9 /* GoogleService-Info.plist in Resources */,
				66A4594C29BA3BB0001FA2E1 /* Assets.xcassets in Resources */,
				66A4594A29BA3BAC001FA2E1 /* Main.storyboard in Resources */,
			);
			runOnlyForDeploymentPostprocessing = 0;
		};
		66A4595329BA3BB0001FA2E1 /* Resources */ = {
			isa = PBXResourcesBuildPhase;
			buildActionMask = 2147483647;
			files = (
			);
			runOnlyForDeploymentPostprocessing = 0;
		};
		66A4595D29BA3BB0001FA2E1 /* Resources */ = {
			isa = PBXResourcesBuildPhase;
			buildActionMask = 2147483647;
			files = (
			);
			runOnlyForDeploymentPostprocessing = 0;
		};
/* End PBXResourcesBuildPhase section */

/* Begin PBXShellScriptBuildPhase section */
		6928B8CFA423FA46BF19695F /* [CP] Embed Pods Frameworks */ = {
			isa = PBXShellScriptBuildPhase;
			buildActionMask = 2147483647;
			files = (
			);
			inputFileListPaths = (
				"${PODS_ROOT}/Target Support Files/Pods-Recallr Testing 2/Pods-Recallr Testing 2-frameworks-${CONFIGURATION}-input-files.xcfilelist",
			);
			name = "[CP] Embed Pods Frameworks";
			outputFileListPaths = (
				"${PODS_ROOT}/Target Support Files/Pods-Recallr Testing 2/Pods-Recallr Testing 2-frameworks-${CONFIGURATION}-output-files.xcfilelist",
			);
			runOnlyForDeploymentPostprocessing = 0;
			shellPath = /bin/sh;
			shellScript = "\"${PODS_ROOT}/Target Support Files/Pods-Recallr Testing 2/Pods-Recallr Testing 2-frameworks.sh\"\n";
			showEnvVarsInLog = 0;
		};
		F2A3B86EA954D2FEA3D6FF1A /* [CP] Check Pods Manifest.lock */ = {
			isa = PBXShellScriptBuildPhase;
			buildActionMask = 2147483647;
			files = (
			);
			inputFileListPaths = (
			);
			inputPaths = (
				"${PODS_PODFILE_DIR_PATH}/Podfile.lock",
				"${PODS_ROOT}/Manifest.lock",
			);
			name = "[CP] Check Pods Manifest.lock";
			outputFileListPaths = (
			);
			outputPaths = (
				"$(DERIVED_FILE_DIR)/Pods-Recallr Testing 2-checkManifestLockResult.txt",
			);
			runOnlyForDeploymentPostprocessing = 0;
			shellPath = /bin/sh;
			shellScript = "diff \"${PODS_PODFILE_DIR_PATH}/Podfile.lock\" \"${PODS_ROOT}/Manifest.lock\" > /dev/null\nif [ $? != 0 ] ; then\n    # print error to STDERR\n    echo \"error: The sandbox is not in sync with the Podfile.lock. Run 'pod install' or update your CocoaPods installation.\" >&2\n    exit 1\nfi\n# This output is used by Xcode 'outputs' to avoid re-running this script phase.\necho \"SUCCESS\" > \"${SCRIPT_OUTPUT_FILE_0}\"\n";
			showEnvVarsInLog = 0;
		};
/* End PBXShellScriptBuildPhase section */

/* Begin PBXSourcesBuildPhase section */
		66A4593B29BA3BAC001FA2E1 /* Sources */ = {
			isa = PBXSourcesBuildPhase;
			buildActionMask = 2147483647;
			files = (
				66A4597729BA3FAC001FA2E1 /* RecallManager.swift in Sources */,
				661B90DF29C12620000EDAB9 /* SignUpViewController.swift in Sources */,
				66A4597329BA3C2B001FA2E1 /* Memory.swift in Sources */,
				66A4597529BA3D74001FA2E1 /* Collection.swift in Sources */,
				661B90E129C1263D000EDAB9 /* LoginViewController.swift in Sources */,
				66A4594329BA3BAC001FA2E1 /* AppDelegate.swift in Sources */,
				66A4594529BA3BAC001FA2E1 /* SceneDelegate.swift in Sources */,
				661B90E629C128A9000EDAB9 /* InitialViewController.swift in Sources */,
			);
			runOnlyForDeploymentPostprocessing = 0;
		};
		66A4595129BA3BB0001FA2E1 /* Sources */ = {
			isa = PBXSourcesBuildPhase;
			buildActionMask = 2147483647;
			files = (
				66A4595A29BA3BB0001FA2E1 /* Recallr_Testing_2Tests.swift in Sources */,
			);
			runOnlyForDeploymentPostprocessing = 0;
		};
		66A4595B29BA3BB0001FA2E1 /* Sources */ = {
			isa = PBXSourcesBuildPhase;
			buildActionMask = 2147483647;
			files = (
				66A4596629BA3BB0001FA2E1 /* Recallr_Testing_2UITestsLaunchTests.swift in Sources */,
				66A4596429BA3BB0001FA2E1 /* Recallr_Testing_2UITests.swift in Sources */,
			);
			runOnlyForDeploymentPostprocessing = 0;
		};
/* End PBXSourcesBuildPhase section */

/* Begin PBXTargetDependency section */
		66A4595729BA3BB0001FA2E1 /* PBXTargetDependency */ = {
			isa = PBXTargetDependency;
			target = 66A4593E29BA3BAC001FA2E1 /* Recallr Testing 2 */;
			targetProxy = 66A4595629BA3BB0001FA2E1 /* PBXContainerItemProxy */;
		};
		66A4596129BA3BB0001FA2E1 /* PBXTargetDependency */ = {
			isa = PBXTargetDependency;
			target = 66A4593E29BA3BAC001FA2E1 /* Recallr Testing 2 */;
			targetProxy = 66A4596029BA3BB0001FA2E1 /* PBXContainerItemProxy */;
		};
/* End PBXTargetDependency section */

/* Begin PBXVariantGroup section */
		66A4594829BA3BAC001FA2E1 /* Main.storyboard */ = {
			isa = PBXVariantGroup;
			children = (
				66A4594929BA3BAC001FA2E1 /* Base */,
			);
			name = Main.storyboard;
			sourceTree = "<group>";
		};
		66A4594D29BA3BB0001FA2E1 /* LaunchScreen.storyboard */ = {
			isa = PBXVariantGroup;
			children = (
				66A4594E29BA3BB0001FA2E1 /* Base */,
			);
			name = LaunchScreen.storyboard;
			sourceTree = "<group>";
		};
/* End PBXVariantGroup section */

/* Begin XCBuildConfiguration section */
		66A4596729BA3BB0001FA2E1 /* Debug */ = {
			isa = XCBuildConfiguration;
			buildSettings = {
				ALWAYS_SEARCH_USER_PATHS = NO;
				CLANG_ANALYZER_NONNULL = YES;
				CLANG_ANALYZER_NUMBER_OBJECT_CONVERSION = YES_AGGRESSIVE;
				CLANG_CXX_LANGUAGE_STANDARD = "gnu++20";
				CLANG_ENABLE_MODULES = YES;
				CLANG_ENABLE_OBJC_ARC = YES;
				CLANG_ENABLE_OBJC_WEAK = YES;
				CLANG_WARN_BLOCK_CAPTURE_AUTORELEASING = YES;
				CLANG_WARN_BOOL_CONVERSION = YES;
				CLANG_WARN_COMMA = YES;
				CLANG_WARN_CONSTANT_CONVERSION = YES;
				CLANG_WARN_DEPRECATED_OBJC_IMPLEMENTATIONS = YES;
				CLANG_WARN_DIRECT_OBJC_ISA_USAGE = YES_ERROR;
				CLANG_WARN_DOCUMENTATION_COMMENTS = YES;
				CLANG_WARN_EMPTY_BODY = YES;
				CLANG_WARN_ENUM_CONVERSION = YES;
				CLANG_WARN_INFINITE_RECURSION = YES;
				CLANG_WARN_INT_CONVERSION = YES;
				CLANG_WARN_NON_LITERAL_NULL_CONVERSION = YES;
				CLANG_WARN_OBJC_IMPLICIT_RETAIN_SELF = YES;
				CLANG_WARN_OBJC_LITERAL_CONVERSION = YES;
				CLANG_WARN_OBJC_ROOT_CLASS = YES_ERROR;
				CLANG_WARN_QUOTED_INCLUDE_IN_FRAMEWORK_HEADER = YES;
				CLANG_WARN_RANGE_LOOP_ANALYSIS = YES;
				CLANG_WARN_STRICT_PROTOTYPES = YES;
				CLANG_WARN_SUSPICIOUS_MOVE = YES;
				CLANG_WARN_UNGUARDED_AVAILABILITY = YES_AGGRESSIVE;
				CLANG_WARN_UNREACHABLE_CODE = YES;
				CLANG_WARN__DUPLICATE_METHOD_MATCH = YES;
				COPY_PHASE_STRIP = NO;
				DEBUG_INFORMATION_FORMAT = dwarf;
				ENABLE_STRICT_OBJC_MSGSEND = YES;
				ENABLE_TESTABILITY = YES;
				GCC_C_LANGUAGE_STANDARD = gnu11;
				GCC_DYNAMIC_NO_PIC = NO;
				GCC_NO_COMMON_BLOCKS = YES;
				GCC_OPTIMIZATION_LEVEL = 0;
				GCC_PREPROCESSOR_DEFINITIONS = (
					"DEBUG=1",
					"$(inherited)",
				);
				GCC_WARN_64_TO_32_BIT_CONVERSION = YES;
				GCC_WARN_ABOUT_RETURN_TYPE = YES_ERROR;
				GCC_WARN_UNDECLARED_SELECTOR = YES;
				GCC_WARN_UNINITIALIZED_AUTOS = YES_AGGRESSIVE;
				GCC_WARN_UNUSED_FUNCTION = YES;
				GCC_WARN_UNUSED_VARIABLE = YES;
				IPHONEOS_DEPLOYMENT_TARGET = 16.2;
				MTL_ENABLE_DEBUG_INFO = INCLUDE_SOURCE;
				MTL_FAST_MATH = YES;
				ONLY_ACTIVE_ARCH = YES;
				SDKROOT = iphoneos;
				SWIFT_ACTIVE_COMPILATION_CONDITIONS = DEBUG;
				SWIFT_OPTIMIZATION_LEVEL = "-Onone";
			};
			name = Debug;
		};
		66A4596829BA3BB0001FA2E1 /* Release */ = {
			isa = XCBuildConfiguration;
			buildSettings = {
				ALWAYS_SEARCH_USER_PATHS = NO;
				CLANG_ANALYZER_NONNULL = YES;
				CLANG_ANALYZER_NUMBER_OBJECT_CONVERSION = YES_AGGRESSIVE;
				CLANG_CXX_LANGUAGE_STANDARD = "gnu++20";
				CLANG_ENABLE_MODULES = YES;
				CLANG_ENABLE_OBJC_ARC = YES;
				CLANG_ENABLE_OBJC_WEAK = YES;
				CLANG_WARN_BLOCK_CAPTURE_AUTORELEASING = YES;
				CLANG_WARN_BOOL_CONVERSION = YES;
				CLANG_WARN_COMMA = YES;
				CLANG_WARN_CONSTANT_CONVERSION = YES;
				CLANG_WARN_DEPRECATED_OBJC_IMPLEMENTATIONS = YES;
				CLANG_WARN_DIRECT_OBJC_ISA_USAGE = YES_ERROR;
				CLANG_WARN_DOCUMENTATION_COMMENTS = YES;
				CLANG_WARN_EMPTY_BODY = YES;
				CLANG_WARN_ENUM_CONVERSION = YES;
				CLANG_WARN_INFINITE_RECURSION = YES;
				CLANG_WARN_INT_CONVERSION = YES;
				CLANG_WARN_NON_LITERAL_NULL_CONVERSION = YES;
				CLANG_WARN_OBJC_IMPLICIT_RETAIN_SELF = YES;
				CLANG_WARN_OBJC_LITERAL_CONVERSION = YES;
				CLANG_WARN_OBJC_ROOT_CLASS = YES_ERROR;
				CLANG_WARN_QUOTED_INCLUDE_IN_FRAMEWORK_HEADER = YES;
				CLANG_WARN_RANGE_LOOP_ANALYSIS = YES;
				CLANG_WARN_STRICT_PROTOTYPES = YES;
				CLANG_WARN_SUSPICIOUS_MOVE = YES;
				CLANG_WARN_UNGUARDED_AVAILABILITY = YES_AGGRESSIVE;
				CLANG_WARN_UNREACHABLE_CODE = YES;
				CLANG_WARN__DUPLICATE_METHOD_MATCH = YES;
				COPY_PHASE_STRIP = NO;
				DEBUG_INFORMATION_FORMAT = "dwarf-with-dsym";
				ENABLE_NS_ASSERTIONS = NO;
				ENABLE_STRICT_OBJC_MSGSEND = YES;
				GCC_C_LANGUAGE_STANDARD = gnu11;
				GCC_NO_COMMON_BLOCKS = YES;
				GCC_WARN_64_TO_32_BIT_CONVERSION = YES;
				GCC_WARN_ABOUT_RETURN_TYPE = YES_ERROR;
				GCC_WARN_UNDECLARED_SELECTOR = YES;
				GCC_WARN_UNINITIALIZED_AUTOS = YES_AGGRESSIVE;
				GCC_WARN_UNUSED_FUNCTION = YES;
				GCC_WARN_UNUSED_VARIABLE = YES;
				IPHONEOS_DEPLOYMENT_TARGET = 16.2;
				MTL_ENABLE_DEBUG_INFO = NO;
				MTL_FAST_MATH = YES;
				SDKROOT = iphoneos;
				SWIFT_COMPILATION_MODE = wholemodule;
				SWIFT_OPTIMIZATION_LEVEL = "-O";
				VALIDATE_PRODUCT = YES;
			};
			name = Release;
		};
		66A4596A29BA3BB0001FA2E1 /* Debug */ = {
			isa = XCBuildConfiguration;
			baseConfigurationReference = 1FEBCE69072F322A1CE2A9DA /* Pods-Recallr Testing 2.debug.xcconfig */;
			buildSettings = {
				ASSETCATALOG_COMPILER_APPICON_NAME = AppIcon;
				ASSETCATALOG_COMPILER_GLOBAL_ACCENT_COLOR_NAME = AccentColor;
				CODE_SIGN_STYLE = Automatic;
				CURRENT_PROJECT_VERSION = 1;
				DEVELOPMENT_TEAM = 2T4XS373YT;
				GENERATE_INFOPLIST_FILE = YES;
				INFOPLIST_FILE = "Recallr Testing 2/Info.plist";
				INFOPLIST_KEY_UIApplicationSupportsIndirectInputEvents = YES;
				INFOPLIST_KEY_UILaunchStoryboardName = LaunchScreen;
				INFOPLIST_KEY_UIMainStoryboardFile = Main;
				INFOPLIST_KEY_UISupportedInterfaceOrientations_iPad = "UIInterfaceOrientationPortrait UIInterfaceOrientationPortraitUpsideDown UIInterfaceOrientationLandscapeLeft UIInterfaceOrientationLandscapeRight";
				INFOPLIST_KEY_UISupportedInterfaceOrientations_iPhone = "UIInterfaceOrientationPortrait UIInterfaceOrientationLandscapeLeft UIInterfaceOrientationLandscapeRight";
				LD_RUNPATH_SEARCH_PATHS = (
					"$(inherited)",
					"@executable_path/Frameworks",
				);
				MARKETING_VERSION = 1.0;
				PRODUCT_BUNDLE_IDENTIFIER = "com.aebyss.Recallr-Testing-2";
				PRODUCT_NAME = "$(TARGET_NAME)";
				SWIFT_EMIT_LOC_STRINGS = YES;
				SWIFT_VERSION = 5.0;
				TARGETED_DEVICE_FAMILY = "1,2";
			};
			name = Debug;
		};
		66A4596B29BA3BB0001FA2E1 /* Release */ = {
			isa = XCBuildConfiguration;
			baseConfigurationReference = D8896D351635219E97337C0C /* Pods-Recallr Testing 2.release.xcconfig */;
			buildSettings = {
				ASSETCATALOG_COMPILER_APPICON_NAME = AppIcon;
				ASSETCATALOG_COMPILER_GLOBAL_ACCENT_COLOR_NAME = AccentColor;
				CODE_SIGN_STYLE = Automatic;
				CURRENT_PROJECT_VERSION = 1;
				DEVELOPMENT_TEAM = 2T4XS373YT;
				GENERATE_INFOPLIST_FILE = YES;
				INFOPLIST_FILE = "Recallr Testing 2/Info.plist";
				INFOPLIST_KEY_UIApplicationSupportsIndirectInputEvents = YES;
				INFOPLIST_KEY_UILaunchStoryboardName = LaunchScreen;
				INFOPLIST_KEY_UIMainStoryboardFile = Main;
				INFOPLIST_KEY_UISupportedInterfaceOrientations_iPad = "UIInterfaceOrientationPortrait UIInterfaceOrientationPortraitUpsideDown UIInterfaceOrientationLandscapeLeft UIInterfaceOrientationLandscapeRight";
				INFOPLIST_KEY_UISupportedInterfaceOrientations_iPhone = "UIInterfaceOrientationPortrait UIInterfaceOrientationLandscapeLeft UIInterfaceOrientationLandscapeRight";
				LD_RUNPATH_SEARCH_PATHS = (
					"$(inherited)",
					"@executable_path/Frameworks",
				);
				MARKETING_VERSION = 1.0;
				PRODUCT_BUNDLE_IDENTIFIER = "com.aebyss.Recallr-Testing-2";
				PRODUCT_NAME = "$(TARGET_NAME)";
				SWIFT_EMIT_LOC_STRINGS = YES;
				SWIFT_VERSION = 5.0;
				TARGETED_DEVICE_FAMILY = "1,2";
			};
			name = Release;
		};
		66A4596D29BA3BB0001FA2E1 /* Debug */ = {
			isa = XCBuildConfiguration;
			buildSettings = {
				ALWAYS_EMBED_SWIFT_STANDARD_LIBRARIES = YES;
				BUNDLE_LOADER = "$(TEST_HOST)";
				CODE_SIGN_STYLE = Automatic;
				CURRENT_PROJECT_VERSION = 1;
				DEVELOPMENT_TEAM = 2T4XS373YT;
				GENERATE_INFOPLIST_FILE = YES;
				IPHONEOS_DEPLOYMENT_TARGET = 16.2;
				MARKETING_VERSION = 1.0;
				PRODUCT_BUNDLE_IDENTIFIER = "com.aebyss.Recallr-Testing-2Tests";
				PRODUCT_NAME = "$(TARGET_NAME)";
				SWIFT_EMIT_LOC_STRINGS = NO;
				SWIFT_VERSION = 5.0;
				TARGETED_DEVICE_FAMILY = "1,2";
				TEST_HOST = "$(BUILT_PRODUCTS_DIR)/Recallr Testing 2.app/$(BUNDLE_EXECUTABLE_FOLDER_PATH)/Recallr Testing 2";
			};
			name = Debug;
		};
		66A4596E29BA3BB0001FA2E1 /* Release */ = {
			isa = XCBuildConfiguration;
			buildSettings = {
				ALWAYS_EMBED_SWIFT_STANDARD_LIBRARIES = YES;
				BUNDLE_LOADER = "$(TEST_HOST)";
				CODE_SIGN_STYLE = Automatic;
				CURRENT_PROJECT_VERSION = 1;
				DEVELOPMENT_TEAM = 2T4XS373YT;
				GENERATE_INFOPLIST_FILE = YES;
				IPHONEOS_DEPLOYMENT_TARGET = 16.2;
				MARKETING_VERSION = 1.0;
				PRODUCT_BUNDLE_IDENTIFIER = "com.aebyss.Recallr-Testing-2Tests";
				PRODUCT_NAME = "$(TARGET_NAME)";
				SWIFT_EMIT_LOC_STRINGS = NO;
				SWIFT_VERSION = 5.0;
				TARGETED_DEVICE_FAMILY = "1,2";
				TEST_HOST = "$(BUILT_PRODUCTS_DIR)/Recallr Testing 2.app/$(BUNDLE_EXECUTABLE_FOLDER_PATH)/Recallr Testing 2";
			};
			name = Release;
		};
		66A4597029BA3BB0001FA2E1 /* Debug */ = {
			isa = XCBuildConfiguration;
			buildSettings = {
				ALWAYS_EMBED_SWIFT_STANDARD_LIBRARIES = YES;
				CODE_SIGN_STYLE = Automatic;
				CURRENT_PROJECT_VERSION = 1;
				DEVELOPMENT_TEAM = 2T4XS373YT;
				GENERATE_INFOPLIST_FILE = YES;
				MARKETING_VERSION = 1.0;
				PRODUCT_BUNDLE_IDENTIFIER = "com.aebyss.Recallr-Testing-2UITests";
				PRODUCT_NAME = "$(TARGET_NAME)";
				SWIFT_EMIT_LOC_STRINGS = NO;
				SWIFT_VERSION = 5.0;
				TARGETED_DEVICE_FAMILY = "1,2";
				TEST_TARGET_NAME = "Recallr Testing 2";
			};
			name = Debug;
		};
		66A4597129BA3BB0001FA2E1 /* Release */ = {
			isa = XCBuildConfiguration;
			buildSettings = {
				ALWAYS_EMBED_SWIFT_STANDARD_LIBRARIES = YES;
				CODE_SIGN_STYLE = Automatic;
				CURRENT_PROJECT_VERSION = 1;
				DEVELOPMENT_TEAM = 2T4XS373YT;
				GENERATE_INFOPLIST_FILE = YES;
				MARKETING_VERSION = 1.0;
				PRODUCT_BUNDLE_IDENTIFIER = "com.aebyss.Recallr-Testing-2UITests";
				PRODUCT_NAME = "$(TARGET_NAME)";
				SWIFT_EMIT_LOC_STRINGS = NO;
				SWIFT_VERSION = 5.0;
				TARGETED_DEVICE_FAMILY = "1,2";
				TEST_TARGET_NAME = "Recallr Testing 2";
			};
			name = Release;
		};
/* End XCBuildConfiguration section */

/* Begin XCConfigurationList section */
		66A4593A29BA3BAC001FA2E1 /* Build configuration list for PBXProject "Recallr Testing 2" */ = {
			isa = XCConfigurationList;
			buildConfigurations = (
				66A4596729BA3BB0001FA2E1 /* Debug */,
				66A4596829BA3BB0001FA2E1 /* Release */,
			);
			defaultConfigurationIsVisible = 0;
			defaultConfigurationName = Release;
		};
		66A4596929BA3BB0001FA2E1 /* Build configuration list for PBXNativeTarget "Recallr Testing 2" */ = {
			isa = XCConfigurationList;
			buildConfigurations = (
				66A4596A29BA3BB0001FA2E1 /* Debug */,
				66A4596B29BA3BB0001FA2E1 /* Release */,
			);
			defaultConfigurationIsVisible = 0;
			defaultConfigurationName = Release;
		};
		66A4596C29BA3BB0001FA2E1 /* Build configuration list for PBXNativeTarget "Recallr Testing 2Tests" */ = {
			isa = XCConfigurationList;
			buildConfigurations = (
				66A4596D29BA3BB0001FA2E1 /* Debug */,
				66A4596E29BA3BB0001FA2E1 /* Release */,
			);
			defaultConfigurationIsVisible = 0;
			defaultConfigurationName = Release;
		};
		66A4596F29BA3BB0001FA2E1 /* Build configuration list for PBXNativeTarget "Recallr Testing 2UITests" */ = {
			isa = XCConfigurationList;
			buildConfigurations = (
				66A4597029BA3BB0001FA2E1 /* Debug */,
				66A4597129BA3BB0001FA2E1 /* Release */,
			);
			defaultConfigurationIsVisible = 0;
			defaultConfigurationName = Release;
		};
/* End XCConfigurationList section */
	};
	rootObject = 66A4593729BA3BAC001FA2E1 /* Project object */;
}
